
Microsoft Visual Studio Solution File, Format Version 12.00
# Visual Studio Version 17
VisualStudioVersion = 17.0.31903.59
MinimumVisualStudioVersion = 10.0.40219.1
Project("{FAE04EC0-301F-11D3-BF4B-00C04F79EFBC}") = "Caesar.Application", "Caesar.Application\Caesar.Application.csproj", "{A71C9030-A169-43B1-9382-D0070AA28B16}"
EndProject
Project("{FAE04EC0-301F-11D3-BF4B-00C04F79EFBC}") = "Caesar.Test", "Caesar.Test\Caesar.Test.csproj", "{834B566E-2CB4-47C0-A688-05E322CC8187}"
EndProject
Global
	GlobalSection(SolutionConfigurationPlatforms) = preSolution
		Debug|Any CPU = Debug|Any CPU
		Release|Any CPU = Release|Any CPU
	EndGlobalSection
	GlobalSection(SolutionProperties) = preSolution
		HideSolutionNode = FALSE
	EndGlobalSection
	GlobalSection(ProjectConfigurationPlatforms) = postSolution
		{A71C9030-A169-43B1-9382-D0070AA28B16}.Debug|Any CPU.ActiveCfg = Debug|Any CPU
		{A71C9030-A169-43B1-9382-D0070AA28B16}.Debug|Any CPU.Build.0 = Debug|Any CPU
		{A71C9030-A169-43B1-9382-D0070AA28B16}.Release|Any CPU.ActiveCfg = Release|Any CPU
		{A71C9030-A169-43B1-9382-D0070AA28B16}.Release|Any CPU.Build.0 = Release|Any CPU
		{834B566E-2CB4-47C0-A688-05E322CC8187}.Debug|Any CPU.ActiveCfg = Debug|Any CPU
		{834B566E-2CB4-47C0-A688-05E322CC8187}.Debug|Any CPU.Build.0 = Debug|Any CPU
		{834B566E-2CB4-47C0-A688-05E322CC8187}.Release|Any CPU.ActiveCfg = Release|Any CPU
		{834B566E-2CB4-47C0-A688-05E322CC8187}.Release|Any CPU.Build.0 = Release|Any CPU
	EndGlobalSection
EndGlobal
